
Microsoft Visual Studio Solution File, Format Version 12.00
# Visual Studio Version 17
VisualStudioVersion = 17.1.32210.238
MinimumVisualStudioVersion = 10.0.40219.1
Project("{9A19103F-16F7-4668-BE54-9A1E7A4F7556}") = "Adept.Blazor", "Adept.Blazor.csproj", "{15201C3C-DE3F-4A0D-BC14-C416B3548D00}"
EndProject
Project("{9A19103F-16F7-4668-BE54-9A1E7A4F7556}") = "Adept.Maui", "..\Adept.Maui\Adept.Maui.csproj", "{351F6122-47EB-4373-A005-9535BA58F2F2}"
EndProject
Global
	GlobalSection(SolutionConfigurationPlatforms) = preSolution
		Debug|Any CPU = Debug|Any CPU
		Release|Any CPU = Release|Any CPU
	EndGlobalSection
	GlobalSection(ProjectConfigurationPlatforms) = postSolution
		{15201C3C-DE3F-4A0D-BC14-C416B3548D00}.Debug|Any CPU.ActiveCfg = Debug|Any CPU
		{15201C3C-DE3F-4A0D-BC14-C416B3548D00}.Debug|Any CPU.Build.0 = Debug|Any CPU
		{15201C3C-DE3F-4A0D-BC14-C416B3548D00}.Release|Any CPU.ActiveCfg = Release|Any CPU
		{15201C3C-DE3F-4A0D-BC14-C416B3548D00}.Release|Any CPU.Build.0 = Release|Any CPU
		{351F6122-47EB-4373-A005-9535BA58F2F2}.Debug|Any CPU.ActiveCfg = Debug|Any CPU
		{351F6122-47EB-4373-A005-9535BA58F2F2}.Debug|Any CPU.Build.0 = Debug|Any CPU
		{351F6122-47EB-4373-A005-9535BA58F2F2}.Release|Any CPU.ActiveCfg = Release|Any CPU
		{351F6122-47EB-4373-A005-9535BA58F2F2}.Release|Any CPU.Build.0 = Release|Any CPU
	EndGlobalSection
	GlobalSection(SolutionProperties) = preSolution
		HideSolutionNode = FALSE
	EndGlobalSection
	GlobalSection(ExtensibilityGlobals) = postSolution
		SolutionGuid = {8F69B331-C554-4343-972C-78957D64F74A}
	EndGlobalSection
EndGlobal
