
Microsoft Visual Studio Solution File, Format Version 12.00
# Visual Studio Version 17
VisualStudioVersion = 17.1.32210.238
MinimumVisualStudioVersion = 10.0.40219.1
Project("{9A19103F-16F7-4668-BE54-9A1E7A4F7556}") = "Adept.Blazor", "Adept.Blazor\Adept.Blazor.csproj", "{15201C3C-DE3F-4A0D-BC14-C416B3548D00}"
EndProject
Project("{9A19103F-16F7-4668-BE54-9A1E7A4F7556}") = "Adept.Maui", "Adept.Maui\Adept.Maui.csproj", "{351F6122-47EB-4373-A005-9535BA58F2F2}"
EndProject
Project("{9A19103F-16F7-4668-BE54-9A1E7A4F7556}") = "Adept.Blazor.WASM", "Adept.Blazor.WASM\Adept.Blazor.WASM.csproj", "{37BB1ACA-21AC-43F4-81F6-CF6D5E927ADE}"
EndProject
Project("{FAE04EC0-301F-11D3-BF4B-00C04F79EFBC}") = "Adept.Data", "Adept.Data\Adept.Data.csproj", "{E605AD0F-7D8B-4EE9-AFCE-96B7744CF80F}"
EndProject
Global
	GlobalSection(SolutionConfigurationPlatforms) = preSolution
		Debug|Any CPU = Debug|Any CPU
		Release|Any CPU = Release|Any CPU
	EndGlobalSection
	GlobalSection(ProjectConfigurationPlatforms) = postSolution
		{15201C3C-DE3F-4A0D-BC14-C416B3548D00}.Debug|Any CPU.ActiveCfg = Debug|Any CPU
		{15201C3C-DE3F-4A0D-BC14-C416B3548D00}.Debug|Any CPU.Build.0 = Debug|Any CPU
		{15201C3C-DE3F-4A0D-BC14-C416B3548D00}.Release|Any CPU.ActiveCfg = Release|Any CPU
		{15201C3C-DE3F-4A0D-BC14-C416B3548D00}.Release|Any CPU.Build.0 = Release|Any CPU
		{351F6122-47EB-4373-A005-9535BA58F2F2}.Debug|Any CPU.ActiveCfg = Debug|Any CPU
		{351F6122-47EB-4373-A005-9535BA58F2F2}.Debug|Any CPU.Build.0 = Debug|Any CPU
		{351F6122-47EB-4373-A005-9535BA58F2F2}.Debug|Any CPU.Deploy.0 = Debug|Any CPU
		{351F6122-47EB-4373-A005-9535BA58F2F2}.Release|Any CPU.ActiveCfg = Release|Any CPU
		{351F6122-47EB-4373-A005-9535BA58F2F2}.Release|Any CPU.Build.0 = Release|Any CPU
		{37BB1ACA-21AC-43F4-81F6-CF6D5E927ADE}.Debug|Any CPU.ActiveCfg = Debug|Any CPU
		{37BB1ACA-21AC-43F4-81F6-CF6D5E927ADE}.Debug|Any CPU.Build.0 = Debug|Any CPU
		{37BB1ACA-21AC-43F4-81F6-CF6D5E927ADE}.Release|Any CPU.ActiveCfg = Release|Any CPU
		{37BB1ACA-21AC-43F4-81F6-CF6D5E927ADE}.Release|Any CPU.Build.0 = Release|Any CPU
		{E605AD0F-7D8B-4EE9-AFCE-96B7744CF80F}.Debug|Any CPU.ActiveCfg = Debug|Any CPU
		{E605AD0F-7D8B-4EE9-AFCE-96B7744CF80F}.Debug|Any CPU.Build.0 = Debug|Any CPU
		{E605AD0F-7D8B-4EE9-AFCE-96B7744CF80F}.Release|Any CPU.ActiveCfg = Release|Any CPU
		{E605AD0F-7D8B-4EE9-AFCE-96B7744CF80F}.Release|Any CPU.Build.0 = Release|Any CPU
	EndGlobalSection
	GlobalSection(SolutionProperties) = preSolution
		HideSolutionNode = FALSE
	EndGlobalSection
	GlobalSection(ExtensibilityGlobals) = postSolution
		SolutionGuid = {8F69B331-C554-4343-972C-78957D64F74A}
	EndGlobalSection
EndGlobal
